
Microsoft Visual Studio Solution File, Format Version 12.00
# Visual Studio 15
VisualStudioVersion = 15.0.27004.2009
MinimumVisualStudioVersion = 10.0.40219.1
Project("{FAE04EC0-301F-11D3-BF4B-00C04F79EFBC}") = "Deserialization", "Deserialization\Deserialization.csproj", "{E6F8CA58-3BAF-4277-8FFA-D3F622832840}"
EndProject
Project("{FAE04EC0-301F-11D3-BF4B-00C04F79EFBC}") = "DeserializationTest", "DeserializationTest\DeserializationTest.csproj", "{B248CBED-113E-404E-989B-300A79E8A105}"
EndProject
Global
	GlobalSection(SolutionConfigurationPlatforms) = preSolution
		Debug|Any CPU = Debug|Any CPU
		Release|Any CPU = Release|Any CPU
	EndGlobalSection
	GlobalSection(ProjectConfigurationPlatforms) = postSolution
		{E6F8CA58-3BAF-4277-8FFA-D3F622832840}.Debug|Any CPU.ActiveCfg = Debug|Any CPU
		{E6F8CA58-3BAF-4277-8FFA-D3F622832840}.Debug|Any CPU.Build.0 = Debug|Any CPU
		{E6F8CA58-3BAF-4277-8FFA-D3F622832840}.Release|Any CPU.ActiveCfg = Release|Any CPU
		{E6F8CA58-3BAF-4277-8FFA-D3F622832840}.Release|Any CPU.Build.0 = Release|Any CPU
		{B248CBED-113E-404E-989B-300A79E8A105}.Debug|Any CPU.ActiveCfg = Debug|Any CPU
		{B248CBED-113E-404E-989B-300A79E8A105}.Debug|Any CPU.Build.0 = Debug|Any CPU
		{B248CBED-113E-404E-989B-300A79E8A105}.Release|Any CPU.ActiveCfg = Release|Any CPU
		{B248CBED-113E-404E-989B-300A79E8A105}.Release|Any CPU.Build.0 = Release|Any CPU
	EndGlobalSection
	GlobalSection(SolutionProperties) = preSolution
		HideSolutionNode = FALSE
	EndGlobalSection
	GlobalSection(ExtensibilityGlobals) = postSolution
		SolutionGuid = {7B87EC47-8FA4-4E15-913D-092D88578442}
	EndGlobalSection
EndGlobal
